// !$*UTF8*$!
{
	archiveVersion = 1;
	classes = {
	};
	objectVersion = 50;
	objects = {

/* Begin PBXBuildFile section */
		2B286F9D21E8599100D26427 /* AppDelegate.m in Sources */ = {isa = PBXBuildFile; fileRef = 2B286F9C21E8599100D26427 /* AppDelegate.m */; };
		2B286FA521E8599200D26427 /* Assets.xcassets in Resources */ = {isa = PBXBuildFile; fileRef = 2B286FA421E8599200D26427 /* Assets.xcassets */; };
		2B286FA821E8599200D26427 /* LaunchScreen.storyboard in Resources */ = {isa = PBXBuildFile; fileRef = 2B286FA621E8599200D26427 /* LaunchScreen.storyboard */; };
		2B286FAB21E8599200D26427 /* main.m in Sources */ = {isa = PBXBuildFile; fileRef = 2B286FAA21E8599200D26427 /* main.m */; };
		2B286FB521E859D000D26427 /* ToDoListTableViewController.m in Sources */ = {isa = PBXBuildFile; fileRef = 2B286FB121E859D000D26427 /* ToDoListTableViewController.m */; };
		2B286FB621E859D000D26427 /* ToDoItem.m in Sources */ = {isa = PBXBuildFile; fileRef = 2B286FB221E859D000D26427 /* ToDoItem.m */; };
		2B286FB921E8664000D26427 /* ToDoStore.m in Sources */ = {isa = PBXBuildFile; fileRef = 2B286FB821E8664000D26427 /* ToDoStore.m */; };
/* End PBXBuildFile section */

/* Begin PBXFileReference section */
		2B286F9821E8599100D26427 /* RightMVC.app */ = {isa = PBXFileReference; explicitFileType = wrapper.application; includeInIndex = 0; path = RightMVC.app; sourceTree = BUILT_PRODUCTS_DIR; };
		2B286F9B21E8599100D26427 /* AppDelegate.h */ = {isa = PBXFileReference; lastKnownFileType = sourcecode.c.h; path = AppDelegate.h; sourceTree = "<group>"; };
		2B286F9C21E8599100D26427 /* AppDelegate.m */ = {isa = PBXFileReference; lastKnownFileType = sourcecode.c.objc; path = AppDelegate.m; sourceTree = "<group>"; };
		2B286FA421E8599200D26427 /* Assets.xcassets */ = {isa = PBXFileReference; lastKnownFileType = folder.assetcatalog; path = Assets.xcassets; sourceTree = "<group>"; };
		2B286FA721E8599200D26427 /* Base */ = {isa = PBXFileReference; lastKnownFileType = file.storyboard; name = Base; path = Base.lproj/LaunchScreen.storyboard; sourceTree = "<group>"; };
		2B286FA921E8599200D26427 /* Info.plist */ = {isa = PBXFileReference; lastKnownFileType = text.plist.xml; path = Info.plist; sourceTree = "<group>"; };
		2B286FAA21E8599200D26427 /* main.m */ = {isa = PBXFileReference; lastKnownFileType = sourcecode.c.objc; path = main.m; sourceTree = "<group>"; };
		2B286FB121E859D000D26427 /* ToDoListTableViewController.m */ = {isa = PBXFileReference; fileEncoding = 4; lastKnownFileType = sourcecode.c.objc; path = ToDoListTableViewController.m; sourceTree = "<group>"; };
		2B286FB221E859D000D26427 /* ToDoItem.m */ = {isa = PBXFileReference; fileEncoding = 4; lastKnownFileType = sourcecode.c.objc; path = ToDoItem.m; sourceTree = "<group>"; };
		2B286FB321E859D000D26427 /* ToDoItem.h */ = {isa = PBXFileReference; fileEncoding = 4; lastKnownFileType = sourcecode.c.h; path = ToDoItem.h; sourceTree = "<group>"; };
		2B286FB421E859D000D26427 /* ToDoListTableViewController.h */ = {isa = PBXFileReference; fileEncoding = 4; lastKnownFileType = sourcecode.c.h; path = ToDoListTableViewController.h; sourceTree = "<group>"; };
		2B286FB721E8664000D26427 /* ToDoStore.h */ = {isa = PBXFileReference; lastKnownFileType = sourcecode.c.h; path = ToDoStore.h; sourceTree = "<group>"; };
		2B286FB821E8664000D26427 /* ToDoStore.m */ = {isa = PBXFileReference; lastKnownFileType = sourcecode.c.objc; path = ToDoStore.m; sourceTree = "<group>"; };
/* End PBXFileReference section */

/* Begin PBXFrameworksBuildPhase section */
		2B286F9521E8599100D26427 /* Frameworks */ = {
			isa = PBXFrameworksBuildPhase;
			buildActionMask = 2147483647;
			files = (
			);
			runOnlyForDeploymentPostprocessing = 0;
		};
/* End PBXFrameworksBuildPhase section */

/* Begin PBXGroup section */
		2B286F8F21E8599100D26427 = {
			isa = PBXGroup;
			children = (
				2B286F9A21E8599100D26427 /* RightMVC */,
				2B286F9921E8599100D26427 /* Products */,
			);
			sourceTree = "<group>";
		};
		2B286F9921E8599100D26427 /* Products */ = {
			isa = PBXGroup;
			children = (
				2B286F9821E8599100D26427 /* RightMVC.app */,
			);
			name = Products;
			sourceTree = "<group>";
		};
		2B286F9A21E8599100D26427 /* RightMVC */ = {
			isa = PBXGroup;
			children = (
				2B286F9B21E8599100D26427 /* AppDelegate.h */,
				2B286F9C21E8599100D26427 /* AppDelegate.m */,
				2B286FB321E859D000D26427 /* ToDoItem.h */,
				2B286FB221E859D000D26427 /* ToDoItem.m */,
				2B286FB721E8664000D26427 /* ToDoStore.h */,
				2B286FB821E8664000D26427 /* ToDoStore.m */,
				2B286FB421E859D000D26427 /* ToDoListTableViewController.h */,
				2B286FB121E859D000D26427 /* ToDoListTableViewController.m */,
				2B286FA421E8599200D26427 /* Assets.xcassets */,
				2B286FA621E8599200D26427 /* LaunchScreen.storyboard */,
				2B286FA921E8599200D26427 /* Info.plist */,
				2B286FAA21E8599200D26427 /* main.m */,
			);
			path = RightMVC;
			sourceTree = "<group>";
		};
/* End PBXGroup section */

/* Begin PBXNativeTarget section */
		2B286F9721E8599100D26427 /* RightMVC */ = {
			isa = PBXNativeTarget;
			buildConfigurationList = 2B286FAE21E8599200D26427 /* Build configuration list for PBXNativeTarget "RightMVC" */;
			buildPhases = (
				2B286F9421E8599100D26427 /* Sources */,
				2B286F9521E8599100D26427 /* Frameworks */,
				2B286F9621E8599100D26427 /* Resources */,
			);
			buildRules = (
			);
			dependencies = (
			);
			name = RightMVC;
			productName = RightMVC;
			productReference = 2B286F9821E8599100D26427 /* RightMVC.app */;
			productType = "com.apple.product-type.application";
		};
/* End PBXNativeTarget section */

/* Begin PBXProject section */
		2B286F9021E8599100D26427 /* Project object */ = {
			isa = PBXProject;
			attributes = {
				LastUpgradeCheck = 1010;
				ORGANIZATIONNAME = JR;
				TargetAttributes = {
					2B286F9721E8599100D26427 = {
						CreatedOnToolsVersion = 10.1;
					};
				};
			};
			buildConfigurationList = 2B286F9321E8599100D26427 /* Build configuration list for PBXProject "RightMVC" */;
			compatibilityVersion = "Xcode 9.3";
			developmentRegion = en;
			hasScannedForEncodings = 0;
			knownRegions = (
				en,
				Base,
			);
			mainGroup = 2B286F8F21E8599100D26427;
			productRefGroup = 2B286F9921E8599100D26427 /* Products */;
			projectDirPath = "";
			projectRoot = "";
			targets = (
				2B286F9721E8599100D26427 /* RightMVC */,
			);
		};
/* End PBXProject section */

/* Begin PBXResourcesBuildPhase section */
		2B286F9621E8599100D26427 /* Resources */ = {
			isa = PBXResourcesBuildPhase;
			buildActionMask = 2147483647;
			files = (
				2B286FA821E8599200D26427 /* LaunchScreen.storyboard in Resources */,
				2B286FA521E8599200D26427 /* Assets.xcassets in Resources */,
			);
			runOnlyForDeploymentPostprocessing = 0;
		};
/* End PBXResourcesBuildPhase section */

/* Begin PBXSourcesBuildPhase section */
		2B286F9421E8599100D26427 /* Sources */ = {
			isa = PBXSourcesBuildPhase;
			buildActionMask = 2147483647;
			files = (
				2B286FB621E859D000D26427 /* ToDoItem.m in Sources */,
				2B286FB521E859D000D26427 /* ToDoListTableViewController.m in Sources */,
				2B286FAB21E8599200D26427 /* main.m in Sources */,
				2B286FB921E8664000D26427 /* ToDoStore.m in Sources */,
				2B286F9D21E8599100D26427 /* AppDelegate.m in Sources */,
			);
			runOnlyForDeploymentPostprocessing = 0;
		};
/* End PBXSourcesBuildPhase section */

/* Begin PBXVariantGroup section */
		2B286FA621E8599200D26427 /* LaunchScreen.storyboard */ = {
			isa = PBXVariantGroup;
			children = (
				2B286FA721E8599200D26427 /* Base */,
			);
			name = LaunchScreen.storyboard;
			sourceTree = "<group>";
		};
/* End PBXVariantGroup section */

/* Begin XCBuildConfiguration section */
		2B286FAC21E8599200D26427 /* Debug */ = {
			isa = XCBuildConfiguration;
			buildSettings = {
				ALWAYS_SEARCH_USER_PATHS = NO;
				CLANG_ANALYZER_NONNULL = YES;
				CLANG_ANALYZER_NUMBER_OBJECT_CONVERSION = YES_AGGRESSIVE;
				CLANG_CXX_LANGUAGE_STANDARD = "gnu++14";
				CLANG_CXX_LIBRARY = "libc++";
				CLANG_ENABLE_MODULES = YES;
				CLANG_ENABLE_OBJC_ARC = YES;
				CLANG_ENABLE_OBJC_WEAK = YES;
				CLANG_WARN_BLOCK_CAPTURE_AUTORELEASING = YES;
				CLANG_WARN_BOOL_CONVERSION = YES;
				CLANG_WARN_COMMA = YES;
				CLANG_WARN_CONSTANT_CONVERSION = YES;
				CLANG_WARN_DEPRECATED_OBJC_IMPLEMENTATIONS = YES;
				CLANG_WARN_DIRECT_OBJC_ISA_USAGE = YES_ERROR;
				CLANG_WARN_DOCUMENTATION_COMMENTS = YES;
				CLANG_WARN_EMPTY_BODY = YES;
				CLANG_WARN_ENUM_CONVERSION = YES;
				CLANG_WARN_INFINITE_RECURSION = YES;
				CLANG_WARN_INT_CONVERSION = YES;
				CLANG_WARN_NON_LITERAL_NULL_CONVERSION = YES;
				CLANG_WARN_OBJC_IMPLICIT_RETAIN_SELF = YES;
				CLANG_WARN_OBJC_LITERAL_CONVERSION = YES;
				CLANG_WARN_OBJC_ROOT_CLASS = YES_ERROR;
				CLANG_WARN_RANGE_LOOP_ANALYSIS = YES;
				CLANG_WARN_STRICT_PROTOTYPES = YES;
				CLANG_WARN_SUSPICIOUS_MOVE = YES;
				CLANG_WARN_UNGUARDED_AVAILABILITY = YES_AGGRESSIVE;
				CLANG_WARN_UNREACHABLE_CODE = YES;
				CLANG_WARN__DUPLICATE_METHOD_MATCH = YES;
				CODE_SIGN_IDENTITY = "iPhone Developer";
				COPY_PHASE_STRIP = NO;
				DEBUG_INFORMATION_FORMAT = dwarf;
				ENABLE_STRICT_OBJC_MSGSEND = YES;
				ENABLE_TESTABILITY = YES;
				GCC_C_LANGUAGE_STANDARD = gnu11;
				GCC_DYNAMIC_NO_PIC = NO;
				GCC_NO_COMMON_BLOCKS = YES;
				GCC_OPTIMIZATION_LEVEL = 0;
				GCC_PREPROCESSOR_DEFINITIONS = (
					"DEBUG=1",
					"$(inherited)",
				);
				GCC_WARN_64_TO_32_BIT_CONVERSION = YES;
				GCC_WARN_ABOUT_RETURN_TYPE = YES_ERROR;
				GCC_WARN_UNDECLARED_SELECTOR = YES;
				GCC_WARN_UNINITIALIZED_AUTOS = YES_AGGRESSIVE;
				GCC_WARN_UNUSED_FUNCTION = YES;
				GCC_WARN_UNUSED_VARIABLE = YES;
				IPHONEOS_DEPLOYMENT_TARGET = 12.1;
				MTL_ENABLE_DEBUG_INFO = INCLUDE_SOURCE;
				MTL_FAST_MATH = YES;
				ONLY_ACTIVE_ARCH = YES;
				SDKROOT = iphoneos;
			};
			name = Debug;
		};
		2B286FAD21E8599200D26427 /* Release */ = {
			isa = XCBuildConfiguration;
			buildSettings = {
				ALWAYS_SEARCH_USER_PATHS = NO;
				CLANG_ANALYZER_NONNULL = YES;
				CLANG_ANALYZER_NUMBER_OBJECT_CONVERSION = YES_AGGRESSIVE;
				CLANG_CXX_LANGUAGE_STANDARD = "gnu++14";
				CLANG_CXX_LIBRARY = "libc++";
				CLANG_ENABLE_MODULES = YES;
				CLANG_ENABLE_OBJC_ARC = YES;
				CLANG_ENABLE_OBJC_WEAK = YES;
				CLANG_WARN_BLOCK_CAPTURE_AUTORELEASING = YES;
				CLANG_WARN_BOOL_CONVERSION = YES;
				CLANG_WARN_COMMA = YES;
				CLANG_WARN_CONSTANT_CONVERSION = YES;
				CLANG_WARN_DEPRECATED_OBJC_IMPLEMENTATIONS = YES;
				CLANG_WARN_DIRECT_OBJC_ISA_USAGE = YES_ERROR;
				CLANG_WARN_DOCUMENTATION_COMMENTS = YES;
				CLANG_WARN_EMPTY_BODY = YES;
				CLANG_WARN_ENUM_CONVERSION = YES;
				CLANG_WARN_INFINITE_RECURSION = YES;
				CLANG_WARN_INT_CONVERSION = YES;
				CLANG_WARN_NON_LITERAL_NULL_CONVERSION = YES;
				CLANG_WARN_OBJC_IMPLICIT_RETAIN_SELF = YES;
				CLANG_WARN_OBJC_LITERAL_CONVERSION = YES;
				CLANG_WARN_OBJC_ROOT_CLASS = YES_ERROR;
				CLANG_WARN_RANGE_LOOP_ANALYSIS = YES;
				CLANG_WARN_STRICT_PROTOTYPES = YES;
				CLANG_WARN_SUSPICIOUS_MOVE = YES;
				CLANG_WARN_UNGUARDED_AVAILABILITY = YES_AGGRESSIVE;
				CLANG_WARN_UNREACHABLE_CODE = YES;
				CLANG_WARN__DUPLICATE_METHOD_MATCH = YES;
				CODE_SIGN_IDENTITY = "iPhone Developer";
				COPY_PHASE_STRIP = NO;
				DEBUG_INFORMATION_FORMAT = "dwarf-with-dsym";
				ENABLE_NS_ASSERTIONS = NO;
				ENABLE_STRICT_OBJC_MSGSEND = YES;
				GCC_C_LANGUAGE_STANDARD = gnu11;
				GCC_NO_COMMON_BLOCKS = YES;
				GCC_WARN_64_TO_32_BIT_CONVERSION = YES;
				GCC_WARN_ABOUT_RETURN_TYPE = YES_ERROR;
				GCC_WARN_UNDECLARED_SELECTOR = YES;
				GCC_WARN_UNINITIALIZED_AUTOS = YES_AGGRESSIVE;
				GCC_WARN_UNUSED_FUNCTION = YES;
				GCC_WARN_UNUSED_VARIABLE = YES;
				IPHONEOS_DEPLOYMENT_TARGET = 12.1;
				MTL_ENABLE_DEBUG_INFO = NO;
				MTL_FAST_MATH = YES;
				SDKROOT = iphoneos;
				VALIDATE_PRODUCT = YES;
			};
			name = Release;
		};
		2B286FAF21E8599200D26427 /* Debug */ = {
			isa = XCBuildConfiguration;
			buildSettings = {
				ASSETCATALOG_COMPILER_APPICON_NAME = AppIcon;
				CODE_SIGN_STYLE = Automatic;
				INFOPLIST_FILE = RightMVC/Info.plist;
				LD_RUNPATH_SEARCH_PATHS = (
					"$(inherited)",
					"@executable_path/Frameworks",
				);
				PRODUCT_BUNDLE_IDENTIFIER = com.jr.RightMVC;
				PRODUCT_NAME = "$(TARGET_NAME)";
				TARGETED_DEVICE_FAMILY = "1,2";
			};
			name = Debug;
		};
		2B286FB021E8599200D26427 /* Release */ = {
			isa = XCBuildConfiguration;
			buildSettings = {
				ASSETCATALOG_COMPILER_APPICON_NAME = AppIcon;
				CODE_SIGN_STYLE = Automatic;
				INFOPLIST_FILE = RightMVC/Info.plist;
				LD_RUNPATH_SEARCH_PATHS = (
					"$(inherited)",
					"@executable_path/Frameworks",
				);
				PRODUCT_BUNDLE_IDENTIFIER = com.jr.RightMVC;
				PRODUCT_NAME = "$(TARGET_NAME)";
				TARGETED_DEVICE_FAMILY = "1,2";
			};
			name = Release;
		};
/* End XCBuildConfiguration section */

/* Begin XCConfigurationList section */
		2B286F9321E8599100D26427 /* Build configuration list for PBXProject "RightMVC" */ = {
			isa = XCConfigurationList;
			buildConfigurations = (
				2B286FAC21E8599200D26427 /* Debug */,
				2B286FAD21E8599200D26427 /* Release */,
			);
			defaultConfigurationIsVisible = 0;
			defaultConfigurationName = Release;
		};
		2B286FAE21E8599200D26427 /* Build configuration list for PBXNativeTarget "RightMVC" */ = {
			isa = XCConfigurationList;
			buildConfigurations = (
				2B286FAF21E8599200D26427 /* Debug */,
				2B286FB021E8599200D26427 /* Release */,
			);
			defaultConfigurationIsVisible = 0;
			defaultConfigurationName = Release;
		};
/* End XCConfigurationList section */
	};
	rootObject = 2B286F9021E8599100D26427 /* Project object */;
}
